
Microsoft Visual Studio Solution File, Format Version 12.00
# Visual Studio Version 17
VisualStudioVersion = 17.8.34330.188
MinimumVisualStudioVersion = 10.0.40219.1
Project("{FAE04EC0-301F-11D3-BF4B-00C04F79EFBC}") = "MedicationTracker", "MedicationTracker\MedicationTracker.csproj", "{92CD42CB-6D6F-410A-B7C0-7342CB66E62D}"
EndProject
Global
	GlobalSection(SolutionConfigurationPlatforms) = preSolution
		Debug|Any CPU = Debug|Any CPU
		Release|Any CPU = Release|Any CPU
	EndGlobalSection
	GlobalSection(ProjectConfigurationPlatforms) = postSolution
		{92CD42CB-6D6F-410A-B7C0-7342CB66E62D}.Debug|Any CPU.ActiveCfg = Debug|Any CPU
		{92CD42CB-6D6F-410A-B7C0-7342CB66E62D}.Debug|Any CPU.Build.0 = Debug|Any CPU
		{92CD42CB-6D6F-410A-B7C0-7342CB66E62D}.Release|Any CPU.ActiveCfg = Release|Any CPU
		{92CD42CB-6D6F-410A-B7C0-7342CB66E62D}.Release|Any CPU.Build.0 = Release|Any CPU
	EndGlobalSection
	GlobalSection(SolutionProperties) = preSolution
		HideSolutionNode = FALSE
	EndGlobalSection
	GlobalSection(ExtensibilityGlobals) = postSolution
		SolutionGuid = {0B7C879C-CF4B-4119-AF74-746937BF2505}
	EndGlobalSection
EndGlobal
